
Microsoft Visual Studio Solution File, Format Version 12.00
# Visual Studio Version 16
VisualStudioVersion = 16.0.30717.126
MinimumVisualStudioVersion = 10.0.40219.1
Project("{9A19103F-16F7-4668-BE54-9A1E7A4F7556}") = "Candrea_anamaria_Lab2", "Candrea_anamaria_Lab2.csproj", "{0CD3DD6E-E78A-4AA9-8D77-2CD885581701}"
EndProject
Project("{9A19103F-16F7-4668-BE54-9A1E7A4F7556}") = "LibraryWebAPI", "..\..\lab7\LibraryWebAPI\LibraryWebAPI.csproj", "{748B40B3-EF73-4CF8-8DB7-E862FBD20FD7}"
EndProject
Project("{9A19103F-16F7-4668-BE54-9A1E7A4F7556}") = "LibraryModel", "..\..\lab7\LibraryModel\LibraryModel.csproj", "{216A2AF2-6A29-47B7-9DB4-66498812192F}"
EndProject
Project("{FAE04EC0-301F-11D3-BF4B-00C04F79EFBC}") = "GrpcCustomerService", "..\GrpcCustomerService\GrpcCustomerService.csproj", "{B6DF89DA-D70E-43E5-B9E4-4A54E54FBFAC}"
EndProject
Global
	GlobalSection(SolutionConfigurationPlatforms) = preSolution
		Debug|Any CPU = Debug|Any CPU
		Release|Any CPU = Release|Any CPU
	EndGlobalSection
	GlobalSection(ProjectConfigurationPlatforms) = postSolution
		{0CD3DD6E-E78A-4AA9-8D77-2CD885581701}.Debug|Any CPU.ActiveCfg = Debug|Any CPU
		{0CD3DD6E-E78A-4AA9-8D77-2CD885581701}.Debug|Any CPU.Build.0 = Debug|Any CPU
		{0CD3DD6E-E78A-4AA9-8D77-2CD885581701}.Release|Any CPU.ActiveCfg = Release|Any CPU
		{0CD3DD6E-E78A-4AA9-8D77-2CD885581701}.Release|Any CPU.Build.0 = Release|Any CPU
		{748B40B3-EF73-4CF8-8DB7-E862FBD20FD7}.Debug|Any CPU.ActiveCfg = Debug|Any CPU
		{748B40B3-EF73-4CF8-8DB7-E862FBD20FD7}.Debug|Any CPU.Build.0 = Debug|Any CPU
		{748B40B3-EF73-4CF8-8DB7-E862FBD20FD7}.Release|Any CPU.ActiveCfg = Release|Any CPU
		{748B40B3-EF73-4CF8-8DB7-E862FBD20FD7}.Release|Any CPU.Build.0 = Release|Any CPU
		{216A2AF2-6A29-47B7-9DB4-66498812192F}.Debug|Any CPU.ActiveCfg = Debug|Any CPU
		{216A2AF2-6A29-47B7-9DB4-66498812192F}.Debug|Any CPU.Build.0 = Debug|Any CPU
		{216A2AF2-6A29-47B7-9DB4-66498812192F}.Release|Any CPU.ActiveCfg = Release|Any CPU
		{216A2AF2-6A29-47B7-9DB4-66498812192F}.Release|Any CPU.Build.0 = Release|Any CPU
		{B6DF89DA-D70E-43E5-B9E4-4A54E54FBFAC}.Debug|Any CPU.ActiveCfg = Debug|Any CPU
		{B6DF89DA-D70E-43E5-B9E4-4A54E54FBFAC}.Debug|Any CPU.Build.0 = Debug|Any CPU
		{B6DF89DA-D70E-43E5-B9E4-4A54E54FBFAC}.Release|Any CPU.ActiveCfg = Release|Any CPU
		{B6DF89DA-D70E-43E5-B9E4-4A54E54FBFAC}.Release|Any CPU.Build.0 = Release|Any CPU
	EndGlobalSection
	GlobalSection(SolutionProperties) = preSolution
		HideSolutionNode = FALSE
	EndGlobalSection
	GlobalSection(ExtensibilityGlobals) = postSolution
		SolutionGuid = {54248DEE-49EC-40D6-9715-AD9CDBE11B51}
	EndGlobalSection
EndGlobal
